// !$*UTF8*$!
{
	archiveVersion = 1;
	classes = {
	};
	objectVersion = 56;
	objects = {

/* Begin PBXBuildFile section */
		B93D12C22976678F00091372 /* leak_detector_c.c in Sources */ = {isa = PBXBuildFile; fileRef = B93D12C12976678F00091372 /* leak_detector_c.c */; };
		B951053B29715E6D002E4B4C /* mklib.c in Sources */ = {isa = PBXBuildFile; fileRef = B951053A29715E6D002E4B4C /* mklib.c */; };
		B951C6C729617043002CFD7D /* callback.c in Sources */ = {isa = PBXBuildFile; fileRef = B951C6C629617043002CFD7D /* callback.c */; };
		B951C6CD2961C2E6002CFD7D /* utility.c in Sources */ = {isa = PBXBuildFile; fileRef = B951C6CC2961C2E6002CFD7D /* utility.c */; };
		B96B9DDE296060BC004336AB /* shared.c in Sources */ = {isa = PBXBuildFile; fileRef = B96B9DDD296060BC004336AB /* shared.c */; };
		B9A943A5295EFAC100BD81C9 /* main.c in Sources */ = {isa = PBXBuildFile; fileRef = B9A943A4295EFAC100BD81C9 /* main.c */; };
		B9AA3B6629698A6000C0DFC5 /* student.c in Sources */ = {isa = PBXBuildFile; fileRef = B9AA3B6529698A6000C0DFC5 /* student.c */; };
		B9AA3B6929698AC700C0DFC5 /* types.c in Sources */ = {isa = PBXBuildFile; fileRef = B9AA3B6829698AC700C0DFC5 /* types.c */; };
		B9AA3B6C2969904400C0DFC5 /* admin.c in Sources */ = {isa = PBXBuildFile; fileRef = B9AA3B6B2969904400C0DFC5 /* admin.c */; };
/* End PBXBuildFile section */

/* Begin PBXCopyFilesBuildPhase section */
		B9A94396295ECAAD00BD81C9 /* CopyFiles */ = {
			isa = PBXCopyFilesBuildPhase;
			buildActionMask = 2147483647;
			dstPath = /usr/share/man/man1/;
			dstSubfolderSpec = 0;
			files = (
			);
			runOnlyForDeploymentPostprocessing = 1;
		};
/* End PBXCopyFilesBuildPhase section */

/* Begin PBXFileReference section */
		B93D12C02976661C00091372 /* leak_detector_c.h */ = {isa = PBXFileReference; fileEncoding = 4; lastKnownFileType = sourcecode.c.h; path = leak_detector_c.h; sourceTree = "<group>"; };
		B93D12C12976678F00091372 /* leak_detector_c.c */ = {isa = PBXFileReference; fileEncoding = 4; lastKnownFileType = sourcecode.c.c; path = leak_detector_c.c; sourceTree = "<group>"; };
		B951053A29715E6D002E4B4C /* mklib.c */ = {isa = PBXFileReference; fileEncoding = 4; lastKnownFileType = sourcecode.c.c; path = mklib.c; sourceTree = "<group>"; };
		B951C6C529617043002CFD7D /* callback.h */ = {isa = PBXFileReference; lastKnownFileType = sourcecode.c.h; path = callback.h; sourceTree = "<group>"; };
		B951C6C629617043002CFD7D /* callback.c */ = {isa = PBXFileReference; lastKnownFileType = sourcecode.c.c; path = callback.c; sourceTree = "<group>"; };
		B951C6CB2961C2E6002CFD7D /* utility.h */ = {isa = PBXFileReference; lastKnownFileType = sourcecode.c.h; path = utility.h; sourceTree = "<group>"; };
		B951C6CC2961C2E6002CFD7D /* utility.c */ = {isa = PBXFileReference; lastKnownFileType = sourcecode.c.c; path = utility.c; sourceTree = "<group>"; };
		B96B9DDC296060BC004336AB /* shared.h */ = {isa = PBXFileReference; lastKnownFileType = sourcecode.c.h; path = shared.h; sourceTree = "<group>"; };
		B96B9DDD296060BC004336AB /* shared.c */ = {isa = PBXFileReference; lastKnownFileType = sourcecode.c.c; path = shared.c; sourceTree = "<group>"; };
		B9A94398295ECAAD00BD81C9 /* samad */ = {isa = PBXFileReference; explicitFileType = "compiled.mach-o.executable"; includeInIndex = 0; path = samad; sourceTree = BUILT_PRODUCTS_DIR; };
		B9A943A4295EFAC100BD81C9 /* main.c */ = {isa = PBXFileReference; fileEncoding = 4; lastKnownFileType = sourcecode.c.c; path = main.c; sourceTree = "<group>"; };
		B9AA3B6429698A6000C0DFC5 /* student.h */ = {isa = PBXFileReference; lastKnownFileType = sourcecode.c.h; path = student.h; sourceTree = "<group>"; };
		B9AA3B6529698A6000C0DFC5 /* student.c */ = {isa = PBXFileReference; lastKnownFileType = sourcecode.c.c; path = student.c; sourceTree = "<group>"; };
		B9AA3B6729698AC700C0DFC5 /* types.h */ = {isa = PBXFileReference; lastKnownFileType = sourcecode.c.h; path = types.h; sourceTree = "<group>"; };
		B9AA3B6829698AC700C0DFC5 /* types.c */ = {isa = PBXFileReference; lastKnownFileType = sourcecode.c.c; path = types.c; sourceTree = "<group>"; };
		B9AA3B6A2969904400C0DFC5 /* admin.h */ = {isa = PBXFileReference; lastKnownFileType = sourcecode.c.h; path = admin.h; sourceTree = "<group>"; };
		B9AA3B6B2969904400C0DFC5 /* admin.c */ = {isa = PBXFileReference; lastKnownFileType = sourcecode.c.c; path = admin.c; sourceTree = "<group>"; };
		B9C83A5A296DC10300193E8E /* mklib.h */ = {isa = PBXFileReference; fileEncoding = 4; lastKnownFileType = sourcecode.c.h; path = mklib.h; sourceTree = "<group>"; };
/* End PBXFileReference section */

/* Begin PBXFrameworksBuildPhase section */
		B9A94395295ECAAD00BD81C9 /* Frameworks */ = {
			isa = PBXFrameworksBuildPhase;
			buildActionMask = 2147483647;
			files = (
			);
			runOnlyForDeploymentPostprocessing = 0;
		};
/* End PBXFrameworksBuildPhase section */

/* Begin PBXGroup section */
		B9A9438F295ECAAD00BD81C9 = {
			isa = PBXGroup;
			children = (
				B9A9439A295ECAAD00BD81C9 /* samad */,
				B9A94399295ECAAD00BD81C9 /* Products */,
			);
			sourceTree = "<group>";
		};
		B9A94399295ECAAD00BD81C9 /* Products */ = {
			isa = PBXGroup;
			children = (
				B9A94398295ECAAD00BD81C9 /* samad */,
			);
			name = Products;
			sourceTree = "<group>";
		};
		B9A9439A295ECAAD00BD81C9 /* samad */ = {
			isa = PBXGroup;
			children = (
				B9F4736A29657E1D0066148C /* src */,
			);
			path = samad;
			sourceTree = "<group>";
		};
		B9F4736A29657E1D0066148C /* src */ = {
			isa = PBXGroup;
			children = (
				B9A943A4295EFAC100BD81C9 /* main.c */,
				B96B9DDC296060BC004336AB /* shared.h */,
				B96B9DDD296060BC004336AB /* shared.c */,
				B9AA3B6A2969904400C0DFC5 /* admin.h */,
				B9AA3B6B2969904400C0DFC5 /* admin.c */,
				B9AA3B6429698A6000C0DFC5 /* student.h */,
				B9AA3B6529698A6000C0DFC5 /* student.c */,
				B951C6C529617043002CFD7D /* callback.h */,
				B951C6C629617043002CFD7D /* callback.c */,
				B9AA3B6729698AC700C0DFC5 /* types.h */,
				B9AA3B6829698AC700C0DFC5 /* types.c */,
				B951C6CB2961C2E6002CFD7D /* utility.h */,
				B951C6CC2961C2E6002CFD7D /* utility.c */,
				B9C83A5A296DC10300193E8E /* mklib.h */,
				B951053A29715E6D002E4B4C /* mklib.c */,
				B93D12C02976661C00091372 /* leak_detector_c.h */,
				B93D12C12976678F00091372 /* leak_detector_c.c */,
			);
			path = src;
			sourceTree = "<group>";
		};
/* End PBXGroup section */

/* Begin PBXNativeTarget section */
		B9A94397295ECAAD00BD81C9 /* samad */ = {
			isa = PBXNativeTarget;
			buildConfigurationList = B9A9439F295ECAAD00BD81C9 /* Build configuration list for PBXNativeTarget "samad" */;
			buildPhases = (
				B9A94394295ECAAD00BD81C9 /* Sources */,
				B9A94395295ECAAD00BD81C9 /* Frameworks */,
				B9A94396295ECAAD00BD81C9 /* CopyFiles */,
			);
			buildRules = (
			);
			dependencies = (
			);
			name = samad;
			productName = samad;
			productReference = B9A94398295ECAAD00BD81C9 /* samad */;
			productType = "com.apple.product-type.tool";
		};
/* End PBXNativeTarget section */

/* Begin PBXProject section */
		B9A94390295ECAAD00BD81C9 /* Project object */ = {
			isa = PBXProject;
			attributes = {
				BuildIndependentTargetsInParallel = 1;
				LastUpgradeCheck = 1420;
				TargetAttributes = {
					B9A94397295ECAAD00BD81C9 = {
						CreatedOnToolsVersion = 14.2;
					};
				};
			};
			buildConfigurationList = B9A94393295ECAAD00BD81C9 /* Build configuration list for PBXProject "samad" */;
			compatibilityVersion = "Xcode 14.0";
			developmentRegion = en;
			hasScannedForEncodings = 0;
			knownRegions = (
				en,
				Base,
			);
			mainGroup = B9A9438F295ECAAD00BD81C9;
			productRefGroup = B9A94399295ECAAD00BD81C9 /* Products */;
			projectDirPath = "";
			projectRoot = "";
			targets = (
				B9A94397295ECAAD00BD81C9 /* samad */,
			);
		};
/* End PBXProject section */

/* Begin PBXSourcesBuildPhase section */
		B9A94394295ECAAD00BD81C9 /* Sources */ = {
			isa = PBXSourcesBuildPhase;
			buildActionMask = 2147483647;
			files = (
				B951C6CD2961C2E6002CFD7D /* utility.c in Sources */,
				B9AA3B6C2969904400C0DFC5 /* admin.c in Sources */,
				B9AA3B6929698AC700C0DFC5 /* types.c in Sources */,
				B9AA3B6629698A6000C0DFC5 /* student.c in Sources */,
				B96B9DDE296060BC004336AB /* shared.c in Sources */,
				B951C6C729617043002CFD7D /* callback.c in Sources */,
				B9A943A5295EFAC100BD81C9 /* main.c in Sources */,
				B951053B29715E6D002E4B4C /* mklib.c in Sources */,
				B93D12C22976678F00091372 /* leak_detector_c.c in Sources */,
			);
			runOnlyForDeploymentPostprocessing = 0;
		};
/* End PBXSourcesBuildPhase section */

/* Begin XCBuildConfiguration section */
		B9A9439D295ECAAD00BD81C9 /* Debug */ = {
			isa = XCBuildConfiguration;
			buildSettings = {
				ALWAYS_SEARCH_USER_PATHS = NO;
				CLANG_ANALYZER_NONNULL = YES;
				CLANG_ANALYZER_NUMBER_OBJECT_CONVERSION = YES_AGGRESSIVE;
				CLANG_CXX_LANGUAGE_STANDARD = "gnu++20";
				CLANG_ENABLE_MODULES = YES;
				CLANG_ENABLE_OBJC_ARC = YES;
				CLANG_ENABLE_OBJC_WEAK = YES;
				CLANG_WARN_BLOCK_CAPTURE_AUTORELEASING = YES;
				CLANG_WARN_BOOL_CONVERSION = YES;
				CLANG_WARN_COMMA = YES;
				CLANG_WARN_CONSTANT_CONVERSION = YES;
				CLANG_WARN_DEPRECATED_OBJC_IMPLEMENTATIONS = YES;
				CLANG_WARN_DIRECT_OBJC_ISA_USAGE = YES_ERROR;
				CLANG_WARN_DOCUMENTATION_COMMENTS = YES;
				CLANG_WARN_EMPTY_BODY = YES;
				CLANG_WARN_ENUM_CONVERSION = YES;
				CLANG_WARN_INFINITE_RECURSION = YES;
				CLANG_WARN_INT_CONVERSION = YES;
				CLANG_WARN_NON_LITERAL_NULL_CONVERSION = YES;
				CLANG_WARN_OBJC_IMPLICIT_RETAIN_SELF = YES;
				CLANG_WARN_OBJC_LITERAL_CONVERSION = YES;
				CLANG_WARN_OBJC_ROOT_CLASS = YES_ERROR;
				CLANG_WARN_QUOTED_INCLUDE_IN_FRAMEWORK_HEADER = YES;
				CLANG_WARN_RANGE_LOOP_ANALYSIS = YES;
				CLANG_WARN_STRICT_PROTOTYPES = YES;
				CLANG_WARN_SUSPICIOUS_MOVE = YES;
				CLANG_WARN_UNGUARDED_AVAILABILITY = YES_AGGRESSIVE;
				CLANG_WARN_UNREACHABLE_CODE = YES;
				CLANG_WARN__DUPLICATE_METHOD_MATCH = YES;
				COPY_PHASE_STRIP = NO;
				DEBUG_INFORMATION_FORMAT = dwarf;
				ENABLE_STRICT_OBJC_MSGSEND = YES;
				ENABLE_TESTABILITY = YES;
				GCC_C_LANGUAGE_STANDARD = gnu11;
				GCC_DYNAMIC_NO_PIC = NO;
				GCC_NO_COMMON_BLOCKS = YES;
				GCC_OPTIMIZATION_LEVEL = 0;
				GCC_PREPROCESSOR_DEFINITIONS = (
					"DEBUG=1",
					"$(inherited)",
				);
				GCC_WARN_64_TO_32_BIT_CONVERSION = YES;
				GCC_WARN_ABOUT_RETURN_TYPE = YES_ERROR;
				GCC_WARN_UNDECLARED_SELECTOR = YES;
				GCC_WARN_UNINITIALIZED_AUTOS = YES_AGGRESSIVE;
				GCC_WARN_UNUSED_FUNCTION = YES;
				GCC_WARN_UNUSED_VARIABLE = YES;
				INFOPLIST_KEY_WKRunsIndependentlyOfCompanionApp = YES;
				MACOSX_DEPLOYMENT_TARGET = 12.6;
				MTL_ENABLE_DEBUG_INFO = INCLUDE_SOURCE;
				MTL_FAST_MATH = YES;
				ONLY_ACTIVE_ARCH = YES;
				SDKROOT = macosx;
			};
			name = Debug;
		};
		B9A9439E295ECAAD00BD81C9 /* Release */ = {
			isa = XCBuildConfiguration;
			buildSettings = {
				ALWAYS_SEARCH_USER_PATHS = NO;
				CLANG_ANALYZER_NONNULL = YES;
				CLANG_ANALYZER_NUMBER_OBJECT_CONVERSION = YES_AGGRESSIVE;
				CLANG_CXX_LANGUAGE_STANDARD = "gnu++20";
				CLANG_ENABLE_MODULES = YES;
				CLANG_ENABLE_OBJC_ARC = YES;
				CLANG_ENABLE_OBJC_WEAK = YES;
				CLANG_WARN_BLOCK_CAPTURE_AUTORELEASING = YES;
				CLANG_WARN_BOOL_CONVERSION = YES;
				CLANG_WARN_COMMA = YES;
				CLANG_WARN_CONSTANT_CONVERSION = YES;
				CLANG_WARN_DEPRECATED_OBJC_IMPLEMENTATIONS = YES;
				CLANG_WARN_DIRECT_OBJC_ISA_USAGE = YES_ERROR;
				CLANG_WARN_DOCUMENTATION_COMMENTS = YES;
				CLANG_WARN_EMPTY_BODY = YES;
				CLANG_WARN_ENUM_CONVERSION = YES;
				CLANG_WARN_INFINITE_RECURSION = YES;
				CLANG_WARN_INT_CONVERSION = YES;
				CLANG_WARN_NON_LITERAL_NULL_CONVERSION = YES;
				CLANG_WARN_OBJC_IMPLICIT_RETAIN_SELF = YES;
				CLANG_WARN_OBJC_LITERAL_CONVERSION = YES;
				CLANG_WARN_OBJC_ROOT_CLASS = YES_ERROR;
				CLANG_WARN_QUOTED_INCLUDE_IN_FRAMEWORK_HEADER = YES;
				CLANG_WARN_RANGE_LOOP_ANALYSIS = YES;
				CLANG_WARN_STRICT_PROTOTYPES = YES;
				CLANG_WARN_SUSPICIOUS_MOVE = YES;
				CLANG_WARN_UNGUARDED_AVAILABILITY = YES_AGGRESSIVE;
				CLANG_WARN_UNREACHABLE_CODE = YES;
				CLANG_WARN__DUPLICATE_METHOD_MATCH = YES;
				COPY_PHASE_STRIP = NO;
				DEBUG_INFORMATION_FORMAT = "dwarf-with-dsym";
				ENABLE_NS_ASSERTIONS = NO;
				ENABLE_STRICT_OBJC_MSGSEND = YES;
				GCC_C_LANGUAGE_STANDARD = gnu11;
				GCC_NO_COMMON_BLOCKS = YES;
				GCC_WARN_64_TO_32_BIT_CONVERSION = YES;
				GCC_WARN_ABOUT_RETURN_TYPE = YES_ERROR;
				GCC_WARN_UNDECLARED_SELECTOR = YES;
				GCC_WARN_UNINITIALIZED_AUTOS = YES_AGGRESSIVE;
				GCC_WARN_UNUSED_FUNCTION = YES;
				GCC_WARN_UNUSED_VARIABLE = YES;
				INFOPLIST_KEY_WKRunsIndependentlyOfCompanionApp = YES;
				MACOSX_DEPLOYMENT_TARGET = 12.6;
				MTL_ENABLE_DEBUG_INFO = NO;
				MTL_FAST_MATH = YES;
				SDKROOT = macosx;
			};
			name = Release;
		};
		B9A943A0295ECAAD00BD81C9 /* Debug */ = {
			isa = XCBuildConfiguration;
			buildSettings = {
				CODE_SIGN_STYLE = Automatic;
				DEVELOPMENT_TEAM = X2P3ST293S;
				ENABLE_HARDENED_RUNTIME = YES;
				PRODUCT_NAME = "$(TARGET_NAME)";
			};
			name = Debug;
		};
		B9A943A1295ECAAD00BD81C9 /* Release */ = {
			isa = XCBuildConfiguration;
			buildSettings = {
				CODE_SIGN_STYLE = Automatic;
				DEVELOPMENT_TEAM = X2P3ST293S;
				ENABLE_HARDENED_RUNTIME = YES;
				PRODUCT_NAME = "$(TARGET_NAME)";
			};
			name = Release;
		};
/* End XCBuildConfiguration section */

/* Begin XCConfigurationList section */
		B9A94393295ECAAD00BD81C9 /* Build configuration list for PBXProject "samad" */ = {
			isa = XCConfigurationList;
			buildConfigurations = (
				B9A9439D295ECAAD00BD81C9 /* Debug */,
				B9A9439E295ECAAD00BD81C9 /* Release */,
			);
			defaultConfigurationIsVisible = 0;
			defaultConfigurationName = Release;
		};
		B9A9439F295ECAAD00BD81C9 /* Build configuration list for PBXNativeTarget "samad" */ = {
			isa = XCConfigurationList;
			buildConfigurations = (
				B9A943A0295ECAAD00BD81C9 /* Debug */,
				B9A943A1295ECAAD00BD81C9 /* Release */,
			);
			defaultConfigurationIsVisible = 0;
			defaultConfigurationName = Release;
		};
/* End XCConfigurationList section */
	};
	rootObject = B9A94390295ECAAD00BD81C9 /* Project object */;
}
